
Microsoft Visual Studio Solution File, Format Version 12.00
# Visual Studio Version 17
VisualStudioVersion = 17.0.32014.148
MinimumVisualStudioVersion = 10.0.40219.1
Project("{FAE04EC0-301F-11D3-BF4B-00C04F79EFBC}") = "KoneksiDBSQLServer", "KoneksiDBSQLServer.csproj", "{B7CECEF5-2983-4E9C-9796-33A15FD19E1C}"
EndProject
Global
	GlobalSection(SolutionConfigurationPlatforms) = preSolution
		Debug|Any CPU = Debug|Any CPU
		Release|Any CPU = Release|Any CPU
	EndGlobalSection
	GlobalSection(ProjectConfigurationPlatforms) = postSolution
		{B7CECEF5-2983-4E9C-9796-33A15FD19E1C}.Debug|Any CPU.ActiveCfg = Debug|Any CPU
		{B7CECEF5-2983-4E9C-9796-33A15FD19E1C}.Debug|Any CPU.Build.0 = Debug|Any CPU
		{B7CECEF5-2983-4E9C-9796-33A15FD19E1C}.Release|Any CPU.ActiveCfg = Release|Any CPU
		{B7CECEF5-2983-4E9C-9796-33A15FD19E1C}.Release|Any CPU.Build.0 = Release|Any CPU
	EndGlobalSection
	GlobalSection(SolutionProperties) = preSolution
		HideSolutionNode = FALSE
	EndGlobalSection
	GlobalSection(ExtensibilityGlobals) = postSolution
		SolutionGuid = {DB9B3F1D-15F2-44F7-B022-26BE02D9E96E}
	EndGlobalSection
EndGlobal
